{
    "_meta": {
        "hash": {
            "sha256": "2db67be2bb0ea22be6b7dd77bc9bec240a8d72c617e3cd5ca582fd80b10a3db6"
        },
        "pipfile-spec": 6,
        "requires": {
            "python_version": "3.12"
        },
        "sources": [
            {
                "name": "pypi",
                "url": "https://pypi.org/simple",
                "verify_ssl": true
            }
        ]
    },
    "default": {
        "aiofiles": {
            "version": "==24.1.0"
        },
        "APScheduler": {
            "version": "==3.11.0"
        },
        "cachetools": {
            "version": "==5.5.2"
        },
        "kurigram": {
            "git": null,
            "ref": null,
            "version": "==0.0.0",
            "file": "https://github.com/KurimuzonAkuma/pyrogram/archive/dev.zip"
        },
        "meval": {
            "version": "==2.5"
        },
        "motor": {
            "version": "==3.7.0"
        },
        "mutagen": {
            "version": "==1.47.0"
        },
        "ntgcalls": {
            "version": "==1.3.3"
        },
        "pillow": {
            "version": "==11.1.0"
        },
        "psutil": {
            "version": "==7.0.0"
        },
        "py-yt-search": {
            "version": "==0.2"
        },
        "py_tgcalls": {
            "git": "https://github.com/pytgcalls/pytgcalls.git",
            "ref": "master"
        },
        "pycryptodome": {
            "version": "==3.22.0"
        },
        "pydantic": {
            "version": "==2.11.2"
        },
        "PyTgCrypto": {
            "version": "==1.2.9.2"
        },
        "python-dotenv": {
            "version": "==1.1.0"
        },
        "pytz": {
            "version": "==2025.2"
        },
        "yt-dlp": {
            "version": "==2025.3.31"
        }
    },
    "develop": {}
}